{
  "name": "ngx-tags-input",
  "version": "2.0.0",
  "lockfileVersion": 1,
  "requires": true,
  "dependencies": {
    "ngx-bootstrap": {
      "version": "3.1.3",
      "resolved": "https://registry.npmjs.org/ngx-bootstrap/-/ngx-bootstrap-3.1.3.tgz",
      "integrity": "sha512-fZZbOt7xBPnz6i2x9T1Ys4HPBPNQ21NGd3nFj6Lbr+J9olQjQ69I49wU4gnSQBpuv+CM1r/gSVGXdI/4MRCHqw=="
    }
  }
}
